{
  "name": "asana",
  "version": "0.1.0",
  "lockfileVersion": 1,
  "requires": true,
  "dependencies": {
    "survey-react": {
      "version": "1.0.53",
      "resolved": "https://registry.npmjs.org/survey-react/-/survey-react-1.0.53.tgz",
      "integrity": "sha512-eP6F/8xig+xwN1RoW8/4T5cEeN4JT4nJK6lrnicomv1D2iym18LfSz++jyJ0MtDF7WmcwDHf7gIZcyimrfNpuw=="
    }
  }
}
